
Microsoft Visual Studio Solution File, Format Version 12.00
# Visual Studio Version 16
VisualStudioVersion = 25.0.1706.14
MinimumVisualStudioVersion = 10.0.40219.1
Project("{FAE04EC0-301F-11D3-BF4B-00C04F79EFBC}") = "ecommerce", "ecommerce.csproj", "{4DFD9F57-16E6-475D-88BC-945E88632C34}"
EndProject
Global
	GlobalSection(SolutionConfigurationPlatforms) = preSolution
		Debug|Any CPU = Debug|Any CPU
		Release|Any CPU = Release|Any CPU
	EndGlobalSection
	GlobalSection(ProjectConfigurationPlatforms) = postSolution
		{4DFD9F57-16E6-475D-88BC-945E88632C34}.Debug|Any CPU.ActiveCfg = Debug|Any CPU
		{4DFD9F57-16E6-475D-88BC-945E88632C34}.Debug|Any CPU.Build.0 = Debug|Any CPU
		{4DFD9F57-16E6-475D-88BC-945E88632C34}.Release|Any CPU.ActiveCfg = Release|Any CPU
		{4DFD9F57-16E6-475D-88BC-945E88632C34}.Release|Any CPU.Build.0 = Release|Any CPU
	EndGlobalSection
	GlobalSection(SolutionProperties) = preSolution
		HideSolutionNode = FALSE
	EndGlobalSection
	GlobalSection(ExtensibilityGlobals) = postSolution
		SolutionGuid = {226B541A-5783-4EC1-8840-6BE86A1471B6}
	EndGlobalSection
EndGlobal
